// !$*UTF8*$!
{
	archiveVersion = 1;
	classes = {
	};
	objectVersion = 56;
	objects = {

/* Begin PBXBuildFile section */
		E981EB882AB0672500183384 /* UIView+Extension.swift in Sources */ = {isa = PBXBuildFile; fileRef = E981EB872AB0672500183384 /* UIView+Extension.swift */; };
		E981EB8A2AB06AFE00183384 /* UIViewController+Extension.swift in Sources */ = {isa = PBXBuildFile; fileRef = E981EB892AB06AFE00183384 /* UIViewController+Extension.swift */; };
		E98A91852AA91E28006CE97F /* AppDelegate.swift in Sources */ = {isa = PBXBuildFile; fileRef = E98A91842AA91E28006CE97F /* AppDelegate.swift */; };
		E98A91872AA91E28006CE97F /* SceneDelegate.swift in Sources */ = {isa = PBXBuildFile; fileRef = E98A91862AA91E28006CE97F /* SceneDelegate.swift */; };
		E98A918C2AA91E28006CE97F /* Main.storyboard in Resources */ = {isa = PBXBuildFile; fileRef = E98A918A2AA91E28006CE97F /* Main.storyboard */; };
		E98A918E2AA91E2E006CE97F /* Assets.xcassets in Resources */ = {isa = PBXBuildFile; fileRef = E98A918D2AA91E2E006CE97F /* Assets.xcassets */; };
		E98A91912AA91E2E006CE97F /* LaunchScreen.storyboard in Resources */ = {isa = PBXBuildFile; fileRef = E98A918F2AA91E2E006CE97F /* LaunchScreen.storyboard */; };
		E98A91992AA9EF9B006CE97F /* Color+Extension.swift in Sources */ = {isa = PBXBuildFile; fileRef = E98A91982AA9EF9B006CE97F /* Color+Extension.swift */; };
		E98A919B2AA9F02D006CE97F /* LoginViewController.swift in Sources */ = {isa = PBXBuildFile; fileRef = E98A919A2AA9F02D006CE97F /* LoginViewController.swift */; };
		E98A919D2AAAE608006CE97F /* RegisterViewController.swift in Sources */ = {isa = PBXBuildFile; fileRef = E98A919C2AAAE608006CE97F /* RegisterViewController.swift */; };
		E9A6B62E2AB61297001DBD03 /* UserInfo.swift in Sources */ = {isa = PBXBuildFile; fileRef = E9A6B62D2AB61297001DBD03 /* UserInfo.swift */; };
		E9A6B6302AB6180A001DBD03 /* TestViewController.swift in Sources */ = {isa = PBXBuildFile; fileRef = E9A6B62F2AB6180A001DBD03 /* TestViewController.swift */; };
/* End PBXBuildFile section */

/* Begin PBXFileReference section */
		E981EB872AB0672500183384 /* UIView+Extension.swift */ = {isa = PBXFileReference; lastKnownFileType = sourcecode.swift; path = "UIView+Extension.swift"; sourceTree = "<group>"; };
		E981EB892AB06AFE00183384 /* UIViewController+Extension.swift */ = {isa = PBXFileReference; lastKnownFileType = sourcecode.swift; path = "UIViewController+Extension.swift"; sourceTree = "<group>"; };
		E98A91812AA91E28006CE97F /* CatStaGram.app */ = {isa = PBXFileReference; explicitFileType = wrapper.application; includeInIndex = 0; path = CatStaGram.app; sourceTree = BUILT_PRODUCTS_DIR; };
		E98A91842AA91E28006CE97F /* AppDelegate.swift */ = {isa = PBXFileReference; lastKnownFileType = sourcecode.swift; path = AppDelegate.swift; sourceTree = "<group>"; };
		E98A91862AA91E28006CE97F /* SceneDelegate.swift */ = {isa = PBXFileReference; lastKnownFileType = sourcecode.swift; path = SceneDelegate.swift; sourceTree = "<group>"; };
		E98A918B2AA91E28006CE97F /* Base */ = {isa = PBXFileReference; lastKnownFileType = file.storyboard; name = Base; path = Base.lproj/Main.storyboard; sourceTree = "<group>"; };
		E98A918D2AA91E2E006CE97F /* Assets.xcassets */ = {isa = PBXFileReference; lastKnownFileType = folder.assetcatalog; path = Assets.xcassets; sourceTree = "<group>"; };
		E98A91902AA91E2E006CE97F /* Base */ = {isa = PBXFileReference; lastKnownFileType = file.storyboard; name = Base; path = Base.lproj/LaunchScreen.storyboard; sourceTree = "<group>"; };
		E98A91922AA91E2E006CE97F /* Info.plist */ = {isa = PBXFileReference; lastKnownFileType = text.plist.xml; path = Info.plist; sourceTree = "<group>"; };
		E98A91982AA9EF9B006CE97F /* Color+Extension.swift */ = {isa = PBXFileReference; lastKnownFileType = sourcecode.swift; path = "Color+Extension.swift"; sourceTree = "<group>"; };
		E98A919A2AA9F02D006CE97F /* LoginViewController.swift */ = {isa = PBXFileReference; lastKnownFileType = sourcecode.swift; path = LoginViewController.swift; sourceTree = "<group>"; };
		E98A919C2AAAE608006CE97F /* RegisterViewController.swift */ = {isa = PBXFileReference; lastKnownFileType = sourcecode.swift; path = RegisterViewController.swift; sourceTree = "<group>"; };
		E9A6B62D2AB61297001DBD03 /* UserInfo.swift */ = {isa = PBXFileReference; lastKnownFileType = sourcecode.swift; path = UserInfo.swift; sourceTree = "<group>"; };
		E9A6B62F2AB6180A001DBD03 /* TestViewController.swift */ = {isa = PBXFileReference; lastKnownFileType = sourcecode.swift; path = TestViewController.swift; sourceTree = "<group>"; };
/* End PBXFileReference section */

/* Begin PBXFrameworksBuildPhase section */
		E98A917E2AA91E28006CE97F /* Frameworks */ = {
			isa = PBXFrameworksBuildPhase;
			buildActionMask = 2147483647;
			files = (
			);
			runOnlyForDeploymentPostprocessing = 0;
		};
/* End PBXFrameworksBuildPhase section */

/* Begin PBXGroup section */
		E98A91782AA91E28006CE97F = {
			isa = PBXGroup;
			children = (
				E98A91832AA91E28006CE97F /* CatStaGram */,
				E98A91822AA91E28006CE97F /* Products */,
			);
			sourceTree = "<group>";
		};
		E98A91822AA91E28006CE97F /* Products */ = {
			isa = PBXGroup;
			children = (
				E98A91812AA91E28006CE97F /* CatStaGram.app */,
			);
			name = Products;
			sourceTree = "<group>";
		};
		E98A91832AA91E28006CE97F /* CatStaGram */ = {
			isa = PBXGroup;
			children = (
				E98A91842AA91E28006CE97F /* AppDelegate.swift */,
				E98A91862AA91E28006CE97F /* SceneDelegate.swift */,
				E98A918A2AA91E28006CE97F /* Main.storyboard */,
				E98A918D2AA91E2E006CE97F /* Assets.xcassets */,
				E98A918F2AA91E2E006CE97F /* LaunchScreen.storyboard */,
				E98A91922AA91E2E006CE97F /* Info.plist */,
				E98A91982AA9EF9B006CE97F /* Color+Extension.swift */,
				E98A919A2AA9F02D006CE97F /* LoginViewController.swift */,
				E98A919C2AAAE608006CE97F /* RegisterViewController.swift */,
				E981EB872AB0672500183384 /* UIView+Extension.swift */,
				E981EB892AB06AFE00183384 /* UIViewController+Extension.swift */,
				E9A6B62D2AB61297001DBD03 /* UserInfo.swift */,
				E9A6B62F2AB6180A001DBD03 /* TestViewController.swift */,
			);
			path = CatStaGram;
			sourceTree = "<group>";
		};
/* End PBXGroup section */

/* Begin PBXNativeTarget section */
		E98A91802AA91E28006CE97F /* CatStaGram */ = {
			isa = PBXNativeTarget;
			buildConfigurationList = E98A91952AA91E2E006CE97F /* Build configuration list for PBXNativeTarget "CatStaGram" */;
			buildPhases = (
				E98A917D2AA91E28006CE97F /* Sources */,
				E98A917E2AA91E28006CE97F /* Frameworks */,
				E98A917F2AA91E28006CE97F /* Resources */,
			);
			buildRules = (
			);
			dependencies = (
			);
			name = CatStaGram;
			productName = CatStaGram;
			productReference = E98A91812AA91E28006CE97F /* CatStaGram.app */;
			productType = "com.apple.product-type.application";
		};
/* End PBXNativeTarget section */

/* Begin PBXProject section */
		E98A91792AA91E28006CE97F /* Project object */ = {
			isa = PBXProject;
			attributes = {
				BuildIndependentTargetsInParallel = 1;
				LastSwiftUpdateCheck = 1430;
				LastUpgradeCheck = 1430;
				TargetAttributes = {
					E98A91802AA91E28006CE97F = {
						CreatedOnToolsVersion = 14.3.1;
					};
				};
			};
			buildConfigurationList = E98A917C2AA91E28006CE97F /* Build configuration list for PBXProject "CatStaGram" */;
			compatibilityVersion = "Xcode 14.0";
			developmentRegion = en;
			hasScannedForEncodings = 0;
			knownRegions = (
				en,
				Base,
			);
			mainGroup = E98A91782AA91E28006CE97F;
			productRefGroup = E98A91822AA91E28006CE97F /* Products */;
			projectDirPath = "";
			projectRoot = "";
			targets = (
				E98A91802AA91E28006CE97F /* CatStaGram */,
			);
		};
/* End PBXProject section */

/* Begin PBXResourcesBuildPhase section */
		E98A917F2AA91E28006CE97F /* Resources */ = {
			isa = PBXResourcesBuildPhase;
			buildActionMask = 2147483647;
			files = (
				E98A91912AA91E2E006CE97F /* LaunchScreen.storyboard in Resources */,
				E98A918E2AA91E2E006CE97F /* Assets.xcassets in Resources */,
				E98A918C2AA91E28006CE97F /* Main.storyboard in Resources */,
			);
			runOnlyForDeploymentPostprocessing = 0;
		};
/* End PBXResourcesBuildPhase section */

/* Begin PBXSourcesBuildPhase section */
		E98A917D2AA91E28006CE97F /* Sources */ = {
			isa = PBXSourcesBuildPhase;
			buildActionMask = 2147483647;
			files = (
				E981EB882AB0672500183384 /* UIView+Extension.swift in Sources */,
				E98A91852AA91E28006CE97F /* AppDelegate.swift in Sources */,
				E98A919D2AAAE608006CE97F /* RegisterViewController.swift in Sources */,
				E98A91872AA91E28006CE97F /* SceneDelegate.swift in Sources */,
				E9A6B62E2AB61297001DBD03 /* UserInfo.swift in Sources */,
				E981EB8A2AB06AFE00183384 /* UIViewController+Extension.swift in Sources */,
				E98A919B2AA9F02D006CE97F /* LoginViewController.swift in Sources */,
				E9A6B6302AB6180A001DBD03 /* TestViewController.swift in Sources */,
				E98A91992AA9EF9B006CE97F /* Color+Extension.swift in Sources */,
			);
			runOnlyForDeploymentPostprocessing = 0;
		};
/* End PBXSourcesBuildPhase section */

/* Begin PBXVariantGroup section */
		E98A918A2AA91E28006CE97F /* Main.storyboard */ = {
			isa = PBXVariantGroup;
			children = (
				E98A918B2AA91E28006CE97F /* Base */,
			);
			name = Main.storyboard;
			sourceTree = "<group>";
		};
		E98A918F2AA91E2E006CE97F /* LaunchScreen.storyboard */ = {
			isa = PBXVariantGroup;
			children = (
				E98A91902AA91E2E006CE97F /* Base */,
			);
			name = LaunchScreen.storyboard;
			sourceTree = "<group>";
		};
/* End PBXVariantGroup section */

/* Begin XCBuildConfiguration section */
		E98A91932AA91E2E006CE97F /* Debug */ = {
			isa = XCBuildConfiguration;
			buildSettings = {
				ALWAYS_SEARCH_USER_PATHS = NO;
				CLANG_ANALYZER_NONNULL = YES;
				CLANG_ANALYZER_NUMBER_OBJECT_CONVERSION = YES_AGGRESSIVE;
				CLANG_CXX_LANGUAGE_STANDARD = "gnu++20";
				CLANG_ENABLE_MODULES = YES;
				CLANG_ENABLE_OBJC_ARC = YES;
				CLANG_ENABLE_OBJC_WEAK = YES;
				CLANG_WARN_BLOCK_CAPTURE_AUTORELEASING = YES;
				CLANG_WARN_BOOL_CONVERSION = YES;
				CLANG_WARN_COMMA = YES;
				CLANG_WARN_CONSTANT_CONVERSION = YES;
				CLANG_WARN_DEPRECATED_OBJC_IMPLEMENTATIONS = YES;
				CLANG_WARN_DIRECT_OBJC_ISA_USAGE = YES_ERROR;
				CLANG_WARN_DOCUMENTATION_COMMENTS = YES;
				CLANG_WARN_EMPTY_BODY = YES;
				CLANG_WARN_ENUM_CONVERSION = YES;
				CLANG_WARN_INFINITE_RECURSION = YES;
				CLANG_WARN_INT_CONVERSION = YES;
				CLANG_WARN_NON_LITERAL_NULL_CONVERSION = YES;
				CLANG_WARN_OBJC_IMPLICIT_RETAIN_SELF = YES;
				CLANG_WARN_OBJC_LITERAL_CONVERSION = YES;
				CLANG_WARN_OBJC_ROOT_CLASS = YES_ERROR;
				CLANG_WARN_QUOTED_INCLUDE_IN_FRAMEWORK_HEADER = YES;
				CLANG_WARN_RANGE_LOOP_ANALYSIS = YES;
				CLANG_WARN_STRICT_PROTOTYPES = YES;
				CLANG_WARN_SUSPICIOUS_MOVE = YES;
				CLANG_WARN_UNGUARDED_AVAILABILITY = YES_AGGRESSIVE;
				CLANG_WARN_UNREACHABLE_CODE = YES;
				CLANG_WARN__DUPLICATE_METHOD_MATCH = YES;
				COPY_PHASE_STRIP = NO;
				DEBUG_INFORMATION_FORMAT = dwarf;
				ENABLE_STRICT_OBJC_MSGSEND = YES;
				ENABLE_TESTABILITY = YES;
				GCC_C_LANGUAGE_STANDARD = gnu11;
				GCC_DYNAMIC_NO_PIC = NO;
				GCC_NO_COMMON_BLOCKS = YES;
				GCC_OPTIMIZATION_LEVEL = 0;
				GCC_PREPROCESSOR_DEFINITIONS = (
					"DEBUG=1",
					"$(inherited)",
				);
				GCC_WARN_64_TO_32_BIT_CONVERSION = YES;
				GCC_WARN_ABOUT_RETURN_TYPE = YES_ERROR;
				GCC_WARN_UNDECLARED_SELECTOR = YES;
				GCC_WARN_UNINITIALIZED_AUTOS = YES_AGGRESSIVE;
				GCC_WARN_UNUSED_FUNCTION = YES;
				GCC_WARN_UNUSED_VARIABLE = YES;
				IPHONEOS_DEPLOYMENT_TARGET = 16.4;
				MTL_ENABLE_DEBUG_INFO = INCLUDE_SOURCE;
				MTL_FAST_MATH = YES;
				ONLY_ACTIVE_ARCH = YES;
				SDKROOT = iphoneos;
				SWIFT_ACTIVE_COMPILATION_CONDITIONS = DEBUG;
				SWIFT_OPTIMIZATION_LEVEL = "-Onone";
			};
			name = Debug;
		};
		E98A91942AA91E2E006CE97F /* Release */ = {
			isa = XCBuildConfiguration;
			buildSettings = {
				ALWAYS_SEARCH_USER_PATHS = NO;
				CLANG_ANALYZER_NONNULL = YES;
				CLANG_ANALYZER_NUMBER_OBJECT_CONVERSION = YES_AGGRESSIVE;
				CLANG_CXX_LANGUAGE_STANDARD = "gnu++20";
				CLANG_ENABLE_MODULES = YES;
				CLANG_ENABLE_OBJC_ARC = YES;
				CLANG_ENABLE_OBJC_WEAK = YES;
				CLANG_WARN_BLOCK_CAPTURE_AUTORELEASING = YES;
				CLANG_WARN_BOOL_CONVERSION = YES;
				CLANG_WARN_COMMA = YES;
				CLANG_WARN_CONSTANT_CONVERSION = YES;
				CLANG_WARN_DEPRECATED_OBJC_IMPLEMENTATIONS = YES;
				CLANG_WARN_DIRECT_OBJC_ISA_USAGE = YES_ERROR;
				CLANG_WARN_DOCUMENTATION_COMMENTS = YES;
				CLANG_WARN_EMPTY_BODY = YES;
				CLANG_WARN_ENUM_CONVERSION = YES;
				CLANG_WARN_INFINITE_RECURSION = YES;
				CLANG_WARN_INT_CONVERSION = YES;
				CLANG_WARN_NON_LITERAL_NULL_CONVERSION = YES;
				CLANG_WARN_OBJC_IMPLICIT_RETAIN_SELF = YES;
				CLANG_WARN_OBJC_LITERAL_CONVERSION = YES;
				CLANG_WARN_OBJC_ROOT_CLASS = YES_ERROR;
				CLANG_WARN_QUOTED_INCLUDE_IN_FRAMEWORK_HEADER = YES;
				CLANG_WARN_RANGE_LOOP_ANALYSIS = YES;
				CLANG_WARN_STRICT_PROTOTYPES = YES;
				CLANG_WARN_SUSPICIOUS_MOVE = YES;
				CLANG_WARN_UNGUARDED_AVAILABILITY = YES_AGGRESSIVE;
				CLANG_WARN_UNREACHABLE_CODE = YES;
				CLANG_WARN__DUPLICATE_METHOD_MATCH = YES;
				COPY_PHASE_STRIP = NO;
				DEBUG_INFORMATION_FORMAT = "dwarf-with-dsym";
				ENABLE_NS_ASSERTIONS = NO;
				ENABLE_STRICT_OBJC_MSGSEND = YES;
				GCC_C_LANGUAGE_STANDARD = gnu11;
				GCC_NO_COMMON_BLOCKS = YES;
				GCC_WARN_64_TO_32_BIT_CONVERSION = YES;
				GCC_WARN_ABOUT_RETURN_TYPE = YES_ERROR;
				GCC_WARN_UNDECLARED_SELECTOR = YES;
				GCC_WARN_UNINITIALIZED_AUTOS = YES_AGGRESSIVE;
				GCC_WARN_UNUSED_FUNCTION = YES;
				GCC_WARN_UNUSED_VARIABLE = YES;
				IPHONEOS_DEPLOYMENT_TARGET = 16.4;
				MTL_ENABLE_DEBUG_INFO = NO;
				MTL_FAST_MATH = YES;
				SDKROOT = iphoneos;
				SWIFT_COMPILATION_MODE = wholemodule;
				SWIFT_OPTIMIZATION_LEVEL = "-O";
				VALIDATE_PRODUCT = YES;
			};
			name = Release;
		};
		E98A91962AA91E2E006CE97F /* Debug */ = {
			isa = XCBuildConfiguration;
			buildSettings = {
				ASSETCATALOG_COMPILER_APPICON_NAME = AppIcon;
				ASSETCATALOG_COMPILER_GLOBAL_ACCENT_COLOR_NAME = AccentColor;
				CODE_SIGN_STYLE = Automatic;
				CURRENT_PROJECT_VERSION = 1;
				GENERATE_INFOPLIST_FILE = YES;
				INFOPLIST_FILE = CatStaGram/Info.plist;
				INFOPLIST_KEY_UIApplicationSupportsIndirectInputEvents = YES;
				INFOPLIST_KEY_UILaunchStoryboardName = LaunchScreen;
				INFOPLIST_KEY_UIMainStoryboardFile = Main;
				INFOPLIST_KEY_UISupportedInterfaceOrientations_iPad = "UIInterfaceOrientationPortrait UIInterfaceOrientationPortraitUpsideDown UIInterfaceOrientationLandscapeLeft UIInterfaceOrientationLandscapeRight";
				INFOPLIST_KEY_UISupportedInterfaceOrientations_iPhone = "UIInterfaceOrientationPortrait UIInterfaceOrientationLandscapeLeft UIInterfaceOrientationLandscapeRight";
				LD_RUNPATH_SEARCH_PATHS = (
					"$(inherited)",
					"@executable_path/Frameworks",
				);
				MARKETING_VERSION = 1.0;
				PRODUCT_BUNDLE_IDENTIFIER = study.yanju.CatStaGram;
				PRODUCT_NAME = "$(TARGET_NAME)";
				SWIFT_EMIT_LOC_STRINGS = YES;
				SWIFT_VERSION = 5.0;
				TARGETED_DEVICE_FAMILY = "1,2";
			};
			name = Debug;
		};
		E98A91972AA91E2E006CE97F /* Release */ = {
			isa = XCBuildConfiguration;
			buildSettings = {
				ASSETCATALOG_COMPILER_APPICON_NAME = AppIcon;
				ASSETCATALOG_COMPILER_GLOBAL_ACCENT_COLOR_NAME = AccentColor;
				CODE_SIGN_STYLE = Automatic;
				CURRENT_PROJECT_VERSION = 1;
				GENERATE_INFOPLIST_FILE = YES;
				INFOPLIST_FILE = CatStaGram/Info.plist;
				INFOPLIST_KEY_UIApplicationSupportsIndirectInputEvents = YES;
				INFOPLIST_KEY_UILaunchStoryboardName = LaunchScreen;
				INFOPLIST_KEY_UIMainStoryboardFile = Main;
				INFOPLIST_KEY_UISupportedInterfaceOrientations_iPad = "UIInterfaceOrientationPortrait UIInterfaceOrientationPortraitUpsideDown UIInterfaceOrientationLandscapeLeft UIInterfaceOrientationLandscapeRight";
				INFOPLIST_KEY_UISupportedInterfaceOrientations_iPhone = "UIInterfaceOrientationPortrait UIInterfaceOrientationLandscapeLeft UIInterfaceOrientationLandscapeRight";
				LD_RUNPATH_SEARCH_PATHS = (
					"$(inherited)",
					"@executable_path/Frameworks",
				);
				MARKETING_VERSION = 1.0;
				PRODUCT_BUNDLE_IDENTIFIER = study.yanju.CatStaGram;
				PRODUCT_NAME = "$(TARGET_NAME)";
				SWIFT_EMIT_LOC_STRINGS = YES;
				SWIFT_VERSION = 5.0;
				TARGETED_DEVICE_FAMILY = "1,2";
			};
			name = Release;
		};
/* End XCBuildConfiguration section */

/* Begin XCConfigurationList section */
		E98A917C2AA91E28006CE97F /* Build configuration list for PBXProject "CatStaGram" */ = {
			isa = XCConfigurationList;
			buildConfigurations = (
				E98A91932AA91E2E006CE97F /* Debug */,
				E98A91942AA91E2E006CE97F /* Release */,
			);
			defaultConfigurationIsVisible = 0;
			defaultConfigurationName = Release;
		};
		E98A91952AA91E2E006CE97F /* Build configuration list for PBXNativeTarget "CatStaGram" */ = {
			isa = XCConfigurationList;
			buildConfigurations = (
				E98A91962AA91E2E006CE97F /* Debug */,
				E98A91972AA91E2E006CE97F /* Release */,
			);
			defaultConfigurationIsVisible = 0;
			defaultConfigurationName = Release;
		};
/* End XCConfigurationList section */
	};
	rootObject = E98A91792AA91E28006CE97F /* Project object */;
}
